
Microsoft Visual Studio Solution File, Format Version 12.00
# Visual Studio 14
VisualStudioVersion = 14.0.23107.0
MinimumVisualStudioVersion = 10.0.40219.1
Project("{78C9907C-C22D-4F8D-B13A-49F213FF1631}") = "rocket", "rocket.rsproj", "{6ED1F968-C7F7-4B96-8F94-17A06401C090}"
EndProject
Global
	GlobalSection(SolutionConfigurationPlatforms) = preSolution
		Debug|default = Debug|default
		Release|default = Release|default
	EndGlobalSection
	GlobalSection(ProjectConfigurationPlatforms) = postSolution
		{6ED1F968-C7F7-4B96-8F94-17A06401C090}.Debug|default.ActiveCfg = Debug|default
		{6ED1F968-C7F7-4B96-8F94-17A06401C090}.Debug|default.Build.0 = Debug|default
		{6ED1F968-C7F7-4B96-8F94-17A06401C090}.Release|default.ActiveCfg = Release|default
		{6ED1F968-C7F7-4B96-8F94-17A06401C090}.Release|default.Build.0 = Release|default
	EndGlobalSection
	GlobalSection(SolutionProperties) = preSolution
		HideSolutionNode = FALSE
	EndGlobalSection
EndGlobal
